
Microsoft Visual Studio Solution File, Format Version 12.00
# Visual Studio Version 17
VisualStudioVersion = 17.1.32210.238
MinimumVisualStudioVersion = 10.0.40219.1
Project("{8BC9CEB8-8B4A-11D0-8D11-00A0C91BC942}") = "CPlusLearnProject", "CPlusLearnProject\CPlusLearnProject.vcxproj", "{D6E70B8C-CF01-4A93-A91C-28AFF89300BE}"
EndProject
Project("{8BC9CEB8-8B4A-11D0-8D11-00A0C91BC942}") = "CreateWindowGraphicalinterface", "CreateWindowGraphicalinterface\CreateWindowGraphicalinterface.vcxproj", "{DB241C34-1179-44BF-A89A-3E92B5B97AF6}"
EndProject
Project("{8BC9CEB8-8B4A-11D0-8D11-00A0C91BC942}") = "WinApiCreateWindow", "WinApiCreateWindow\WinApiCreateWindow.vcxproj", "{EC51EA50-C250-4782-AA28-0DC73477254D}"
EndProject
Project("{8BC9CEB8-8B4A-11D0-8D11-00A0C91BC942}") = "FirstMFCProgram", "FirstMFCProgram\FirstMFCProgram.vcxproj", "{AC7B0DDE-9655-4EE6-950B-CA48EA201455}"
EndProject
Project("{8BC9CEB8-8B4A-11D0-8D11-00A0C91BC942}") = "MFCApplication", "MFCApplication\MFCApplication.vcxproj", "{D4D8BD0A-AB9B-4A17-9D0C-C9413DAB7BD1}"
EndProject
Project("{8BC9CEB8-8B4A-11D0-8D11-00A0C91BC942}") = "HomeWorkWinAPI", "HomeWorkWinAPI\HomeWorkWinAPI.vcxproj", "{04C9CB92-88B3-4398-AD67-A4920F6980B2}"
EndProject
Project("{8BC9CEB8-8B4A-11D0-8D11-00A0C91BC942}") = "HomeWorkMFC", "HomeWorkMFC\HomeWorkMFC.vcxproj", "{8CA5B8D3-B1C6-4559-9047-22326CA151FE}"
EndProject
Global
	GlobalSection(SolutionConfigurationPlatforms) = preSolution
		Debug|x64 = Debug|x64
		Debug|x86 = Debug|x86
		Release|x64 = Release|x64
		Release|x86 = Release|x86
	EndGlobalSection
	GlobalSection(ProjectConfigurationPlatforms) = postSolution
		{D6E70B8C-CF01-4A93-A91C-28AFF89300BE}.Debug|x64.ActiveCfg = Debug|x64
		{D6E70B8C-CF01-4A93-A91C-28AFF89300BE}.Debug|x64.Build.0 = Debug|x64
		{D6E70B8C-CF01-4A93-A91C-28AFF89300BE}.Debug|x86.ActiveCfg = Debug|Win32
		{D6E70B8C-CF01-4A93-A91C-28AFF89300BE}.Debug|x86.Build.0 = Debug|Win32
		{D6E70B8C-CF01-4A93-A91C-28AFF89300BE}.Release|x64.ActiveCfg = Release|x64
		{D6E70B8C-CF01-4A93-A91C-28AFF89300BE}.Release|x64.Build.0 = Release|x64
		{D6E70B8C-CF01-4A93-A91C-28AFF89300BE}.Release|x86.ActiveCfg = Release|Win32
		{D6E70B8C-CF01-4A93-A91C-28AFF89300BE}.Release|x86.Build.0 = Release|Win32
		{DB241C34-1179-44BF-A89A-3E92B5B97AF6}.Debug|x64.ActiveCfg = Debug|x64
		{DB241C34-1179-44BF-A89A-3E92B5B97AF6}.Debug|x64.Build.0 = Debug|x64
		{DB241C34-1179-44BF-A89A-3E92B5B97AF6}.Debug|x86.ActiveCfg = Debug|Win32
		{DB241C34-1179-44BF-A89A-3E92B5B97AF6}.Debug|x86.Build.0 = Debug|Win32
		{DB241C34-1179-44BF-A89A-3E92B5B97AF6}.Release|x64.ActiveCfg = Release|x64
		{DB241C34-1179-44BF-A89A-3E92B5B97AF6}.Release|x64.Build.0 = Release|x64
		{DB241C34-1179-44BF-A89A-3E92B5B97AF6}.Release|x86.ActiveCfg = Release|Win32
		{DB241C34-1179-44BF-A89A-3E92B5B97AF6}.Release|x86.Build.0 = Release|Win32
		{EC51EA50-C250-4782-AA28-0DC73477254D}.Debug|x64.ActiveCfg = Debug|x64
		{EC51EA50-C250-4782-AA28-0DC73477254D}.Debug|x64.Build.0 = Debug|x64
		{EC51EA50-C250-4782-AA28-0DC73477254D}.Debug|x86.ActiveCfg = Debug|Win32
		{EC51EA50-C250-4782-AA28-0DC73477254D}.Debug|x86.Build.0 = Debug|Win32
		{EC51EA50-C250-4782-AA28-0DC73477254D}.Release|x64.ActiveCfg = Release|x64
		{EC51EA50-C250-4782-AA28-0DC73477254D}.Release|x64.Build.0 = Release|x64
		{EC51EA50-C250-4782-AA28-0DC73477254D}.Release|x86.ActiveCfg = Release|Win32
		{EC51EA50-C250-4782-AA28-0DC73477254D}.Release|x86.Build.0 = Release|Win32
		{AC7B0DDE-9655-4EE6-950B-CA48EA201455}.Debug|x64.ActiveCfg = Debug|x64
		{AC7B0DDE-9655-4EE6-950B-CA48EA201455}.Debug|x64.Build.0 = Debug|x64
		{AC7B0DDE-9655-4EE6-950B-CA48EA201455}.Debug|x86.ActiveCfg = Debug|Win32
		{AC7B0DDE-9655-4EE6-950B-CA48EA201455}.Debug|x86.Build.0 = Debug|Win32
		{AC7B0DDE-9655-4EE6-950B-CA48EA201455}.Release|x64.ActiveCfg = Release|x64
		{AC7B0DDE-9655-4EE6-950B-CA48EA201455}.Release|x64.Build.0 = Release|x64
		{AC7B0DDE-9655-4EE6-950B-CA48EA201455}.Release|x86.ActiveCfg = Release|Win32
		{AC7B0DDE-9655-4EE6-950B-CA48EA201455}.Release|x86.Build.0 = Release|Win32
		{D4D8BD0A-AB9B-4A17-9D0C-C9413DAB7BD1}.Debug|x64.ActiveCfg = Debug|x64
		{D4D8BD0A-AB9B-4A17-9D0C-C9413DAB7BD1}.Debug|x64.Build.0 = Debug|x64
		{D4D8BD0A-AB9B-4A17-9D0C-C9413DAB7BD1}.Debug|x86.ActiveCfg = Debug|Win32
		{D4D8BD0A-AB9B-4A17-9D0C-C9413DAB7BD1}.Debug|x86.Build.0 = Debug|Win32
		{D4D8BD0A-AB9B-4A17-9D0C-C9413DAB7BD1}.Release|x64.ActiveCfg = Release|x64
		{D4D8BD0A-AB9B-4A17-9D0C-C9413DAB7BD1}.Release|x64.Build.0 = Release|x64
		{D4D8BD0A-AB9B-4A17-9D0C-C9413DAB7BD1}.Release|x86.ActiveCfg = Release|Win32
		{D4D8BD0A-AB9B-4A17-9D0C-C9413DAB7BD1}.Release|x86.Build.0 = Release|Win32
		{04C9CB92-88B3-4398-AD67-A4920F6980B2}.Debug|x64.ActiveCfg = Debug|x64
		{04C9CB92-88B3-4398-AD67-A4920F6980B2}.Debug|x64.Build.0 = Debug|x64
		{04C9CB92-88B3-4398-AD67-A4920F6980B2}.Debug|x86.ActiveCfg = Debug|Win32
		{04C9CB92-88B3-4398-AD67-A4920F6980B2}.Debug|x86.Build.0 = Debug|Win32
		{04C9CB92-88B3-4398-AD67-A4920F6980B2}.Release|x64.ActiveCfg = Release|x64
		{04C9CB92-88B3-4398-AD67-A4920F6980B2}.Release|x64.Build.0 = Release|x64
		{04C9CB92-88B3-4398-AD67-A4920F6980B2}.Release|x86.ActiveCfg = Release|Win32
		{04C9CB92-88B3-4398-AD67-A4920F6980B2}.Release|x86.Build.0 = Release|Win32
		{8CA5B8D3-B1C6-4559-9047-22326CA151FE}.Debug|x64.ActiveCfg = Debug|x64
		{8CA5B8D3-B1C6-4559-9047-22326CA151FE}.Debug|x64.Build.0 = Debug|x64
		{8CA5B8D3-B1C6-4559-9047-22326CA151FE}.Debug|x86.ActiveCfg = Debug|Win32
		{8CA5B8D3-B1C6-4559-9047-22326CA151FE}.Debug|x86.Build.0 = Debug|Win32
		{8CA5B8D3-B1C6-4559-9047-22326CA151FE}.Release|x64.ActiveCfg = Release|x64
		{8CA5B8D3-B1C6-4559-9047-22326CA151FE}.Release|x64.Build.0 = Release|x64
		{8CA5B8D3-B1C6-4559-9047-22326CA151FE}.Release|x86.ActiveCfg = Release|Win32
		{8CA5B8D3-B1C6-4559-9047-22326CA151FE}.Release|x86.Build.0 = Release|Win32
	EndGlobalSection
	GlobalSection(SolutionProperties) = preSolution
		HideSolutionNode = FALSE
	EndGlobalSection
	GlobalSection(ExtensibilityGlobals) = postSolution
		SolutionGuid = {4497C581-116E-40EA-A228-0C740D17973B}
	EndGlobalSection
EndGlobal
